// !$*UTF8*$!
{
	archiveVersion = 1;
	classes = {
	};
	objectVersion = 46;
	objects = {

/* Begin PBXBuildFile section */
		1311C491F9E25485B56FC775 /* libPods-LJAvatarBrowserDemoUITests.a in Frameworks */ = {isa = PBXBuildFile; fileRef = 4F4CD98343CE6BC447D45695 /* libPods-LJAvatarBrowserDemoUITests.a */; };
		1D1947BF523598170B38E1F5 /* libPods-LJAvatarBrowserDemoTests.a in Frameworks */ = {isa = PBXBuildFile; fileRef = F31FF41882844C4622A122D9 /* libPods-LJAvatarBrowserDemoTests.a */; };
		1EA9C2DC89542ADB4F00330F /* libPods-LJAvatarBrowserDemo.a in Frameworks */ = {isa = PBXBuildFile; fileRef = 5FEC0E45D99CAEFD2480C030 /* libPods-LJAvatarBrowserDemo.a */; };
		2E3081761EE54AA900E08E7A /* main.m in Sources */ = {isa = PBXBuildFile; fileRef = 2E3081751EE54AA900E08E7A /* main.m */; };
		2E3081791EE54AA900E08E7A /* AppDelegate.m in Sources */ = {isa = PBXBuildFile; fileRef = 2E3081781EE54AA900E08E7A /* AppDelegate.m */; };
		2E30817C1EE54AA900E08E7A /* ViewController.m in Sources */ = {isa = PBXBuildFile; fileRef = 2E30817B1EE54AA900E08E7A /* ViewController.m */; };
		2E30817F1EE54AA900E08E7A /* Main.storyboard in Resources */ = {isa = PBXBuildFile; fileRef = 2E30817D1EE54AA900E08E7A /* Main.storyboard */; };
		2E3081811EE54AA900E08E7A /* Assets.xcassets in Resources */ = {isa = PBXBuildFile; fileRef = 2E3081801EE54AA900E08E7A /* Assets.xcassets */; };
		2E3081841EE54AA900E08E7A /* LaunchScreen.storyboard in Resources */ = {isa = PBXBuildFile; fileRef = 2E3081821EE54AA900E08E7A /* LaunchScreen.storyboard */; };
		2E30818F1EE54AA900E08E7A /* LJAvatarBrowserDemoTests.m in Sources */ = {isa = PBXBuildFile; fileRef = 2E30818E1EE54AA900E08E7A /* LJAvatarBrowserDemoTests.m */; };
		2E30819A1EE54AA900E08E7A /* LJAvatarBrowserDemoUITests.m in Sources */ = {isa = PBXBuildFile; fileRef = 2E3081991EE54AA900E08E7A /* LJAvatarBrowserDemoUITests.m */; };
		2E7769432005F1FB00DB7FDF /* timg.jpg in Resources */ = {isa = PBXBuildFile; fileRef = 2E7769412005F1FB00DB7FDF /* timg.jpg */; };
		2E7769442005F1FB00DB7FDF /* image.gif in Resources */ = {isa = PBXBuildFile; fileRef = 2E7769422005F1FB00DB7FDF /* image.gif */; };
		2EA2462B20036809003BB176 /* LJAvatarBrowser.m in Sources */ = {isa = PBXBuildFile; fileRef = 2EA2462A20036808003BB176 /* LJAvatarBrowser.m */; };
/* End PBXBuildFile section */

/* Begin PBXContainerItemProxy section */
		2E30818B1EE54AA900E08E7A /* PBXContainerItemProxy */ = {
			isa = PBXContainerItemProxy;
			containerPortal = 2E3081691EE54AA900E08E7A /* Project object */;
			proxyType = 1;
			remoteGlobalIDString = 2E3081701EE54AA900E08E7A;
			remoteInfo = LJAvatarBrowserDemo;
		};
		2E3081961EE54AA900E08E7A /* PBXContainerItemProxy */ = {
			isa = PBXContainerItemProxy;
			containerPortal = 2E3081691EE54AA900E08E7A /* Project object */;
			proxyType = 1;
			remoteGlobalIDString = 2E3081701EE54AA900E08E7A;
			remoteInfo = LJAvatarBrowserDemo;
		};
/* End PBXContainerItemProxy section */

/* Begin PBXFileReference section */
		1D629E4F0D27EB9FA4D39BB3 /* Pods-LJAvatarBrowserDemoUITests.debug.xcconfig */ = {isa = PBXFileReference; includeInIndex = 1; lastKnownFileType = text.xcconfig; name = "Pods-LJAvatarBrowserDemoUITests.debug.xcconfig"; path = "Pods/Target Support Files/Pods-LJAvatarBrowserDemoUITests/Pods-LJAvatarBrowserDemoUITests.debug.xcconfig"; sourceTree = "<group>"; };
		2E05EA851EF8CCBC009B3931 /* PrefixHeader.pch */ = {isa = PBXFileReference; lastKnownFileType = sourcecode.c.h; path = PrefixHeader.pch; sourceTree = "<group>"; };
		2E3081711EE54AA900E08E7A /* LJAvatarBrowserDemo.app */ = {isa = PBXFileReference; explicitFileType = wrapper.application; includeInIndex = 0; path = LJAvatarBrowserDemo.app; sourceTree = BUILT_PRODUCTS_DIR; };
		2E3081751EE54AA900E08E7A /* main.m */ = {isa = PBXFileReference; lastKnownFileType = sourcecode.c.objc; path = main.m; sourceTree = "<group>"; };
		2E3081771EE54AA900E08E7A /* AppDelegate.h */ = {isa = PBXFileReference; lastKnownFileType = sourcecode.c.h; path = AppDelegate.h; sourceTree = "<group>"; };
		2E3081781EE54AA900E08E7A /* AppDelegate.m */ = {isa = PBXFileReference; lastKnownFileType = sourcecode.c.objc; path = AppDelegate.m; sourceTree = "<group>"; };
		2E30817A1EE54AA900E08E7A /* ViewController.h */ = {isa = PBXFileReference; lastKnownFileType = sourcecode.c.h; path = ViewController.h; sourceTree = "<group>"; };
		2E30817B1EE54AA900E08E7A /* ViewController.m */ = {isa = PBXFileReference; lastKnownFileType = sourcecode.c.objc; path = ViewController.m; sourceTree = "<group>"; };
		2E30817E1EE54AA900E08E7A /* Base */ = {isa = PBXFileReference; lastKnownFileType = file.storyboard; name = Base; path = Base.lproj/Main.storyboard; sourceTree = "<group>"; };
		2E3081801EE54AA900E08E7A /* Assets.xcassets */ = {isa = PBXFileReference; lastKnownFileType = folder.assetcatalog; path = Assets.xcassets; sourceTree = "<group>"; };
		2E3081831EE54AA900E08E7A /* Base */ = {isa = PBXFileReference; lastKnownFileType = file.storyboard; name = Base; path = Base.lproj/LaunchScreen.storyboard; sourceTree = "<group>"; };
		2E3081851EE54AA900E08E7A /* Info.plist */ = {isa = PBXFileReference; lastKnownFileType = text.plist.xml; path = Info.plist; sourceTree = "<group>"; };
		2E30818A1EE54AA900E08E7A /* LJAvatarBrowserDemoTests.xctest */ = {isa = PBXFileReference; explicitFileType = wrapper.cfbundle; includeInIndex = 0; path = LJAvatarBrowserDemoTests.xctest; sourceTree = BUILT_PRODUCTS_DIR; };
		2E30818E1EE54AA900E08E7A /* LJAvatarBrowserDemoTests.m */ = {isa = PBXFileReference; lastKnownFileType = sourcecode.c.objc; path = LJAvatarBrowserDemoTests.m; sourceTree = "<group>"; };
		2E3081901EE54AA900E08E7A /* Info.plist */ = {isa = PBXFileReference; lastKnownFileType = text.plist.xml; path = Info.plist; sourceTree = "<group>"; };
		2E3081951EE54AA900E08E7A /* LJAvatarBrowserDemoUITests.xctest */ = {isa = PBXFileReference; explicitFileType = wrapper.cfbundle; includeInIndex = 0; path = LJAvatarBrowserDemoUITests.xctest; sourceTree = BUILT_PRODUCTS_DIR; };
		2E3081991EE54AA900E08E7A /* LJAvatarBrowserDemoUITests.m */ = {isa = PBXFileReference; lastKnownFileType = sourcecode.c.objc; path = LJAvatarBrowserDemoUITests.m; sourceTree = "<group>"; };
		2E30819B1EE54AA900E08E7A /* Info.plist */ = {isa = PBXFileReference; lastKnownFileType = text.plist.xml; path = Info.plist; sourceTree = "<group>"; };
		2E7769412005F1FB00DB7FDF /* timg.jpg */ = {isa = PBXFileReference; lastKnownFileType = image.jpeg; path = timg.jpg; sourceTree = "<group>"; };
		2E7769422005F1FB00DB7FDF /* image.gif */ = {isa = PBXFileReference; lastKnownFileType = image.gif; path = image.gif; sourceTree = "<group>"; };
		2EA2462920036808003BB176 /* LJAvatarBrowser.h */ = {isa = PBXFileReference; fileEncoding = 4; lastKnownFileType = sourcecode.c.h; path = LJAvatarBrowser.h; sourceTree = "<group>"; };
		2EA2462A20036808003BB176 /* LJAvatarBrowser.m */ = {isa = PBXFileReference; fileEncoding = 4; lastKnownFileType = sourcecode.c.objc; path = LJAvatarBrowser.m; sourceTree = "<group>"; };
		4F4CD98343CE6BC447D45695 /* libPods-LJAvatarBrowserDemoUITests.a */ = {isa = PBXFileReference; explicitFileType = archive.ar; includeInIndex = 0; path = "libPods-LJAvatarBrowserDemoUITests.a"; sourceTree = BUILT_PRODUCTS_DIR; };
		5821ECF14E6704D123A514A9 /* Pods-LJAvatarBrowserDemo.release.xcconfig */ = {isa = PBXFileReference; includeInIndex = 1; lastKnownFileType = text.xcconfig; name = "Pods-LJAvatarBrowserDemo.release.xcconfig"; path = "Pods/Target Support Files/Pods-LJAvatarBrowserDemo/Pods-LJAvatarBrowserDemo.release.xcconfig"; sourceTree = "<group>"; };
		5D4D6324CE18C0FCA0B7A352 /* Pods-LJAvatarBrowserDemoTests.release.xcconfig */ = {isa = PBXFileReference; includeInIndex = 1; lastKnownFileType = text.xcconfig; name = "Pods-LJAvatarBrowserDemoTests.release.xcconfig"; path = "Pods/Target Support Files/Pods-LJAvatarBrowserDemoTests/Pods-LJAvatarBrowserDemoTests.release.xcconfig"; sourceTree = "<group>"; };
		5FEC0E45D99CAEFD2480C030 /* libPods-LJAvatarBrowserDemo.a */ = {isa = PBXFileReference; explicitFileType = archive.ar; includeInIndex = 0; path = "libPods-LJAvatarBrowserDemo.a"; sourceTree = BUILT_PRODUCTS_DIR; };
		667AA050C82F40E9DFE3DB03 /* Pods-LJAvatarBrowserDemo.debug.xcconfig */ = {isa = PBXFileReference; includeInIndex = 1; lastKnownFileType = text.xcconfig; name = "Pods-LJAvatarBrowserDemo.debug.xcconfig"; path = "Pods/Target Support Files/Pods-LJAvatarBrowserDemo/Pods-LJAvatarBrowserDemo.debug.xcconfig"; sourceTree = "<group>"; };
		873CFC18E61123E6B6179E19 /* Pods-LJAvatarBrowserDemoUITests.release.xcconfig */ = {isa = PBXFileReference; includeInIndex = 1; lastKnownFileType = text.xcconfig; name = "Pods-LJAvatarBrowserDemoUITests.release.xcconfig"; path = "Pods/Target Support Files/Pods-LJAvatarBrowserDemoUITests/Pods-LJAvatarBrowserDemoUITests.release.xcconfig"; sourceTree = "<group>"; };
		9076AB23C686B6552413580B /* Pods-LJAvatarBrowserDemoTests.debug.xcconfig */ = {isa = PBXFileReference; includeInIndex = 1; lastKnownFileType = text.xcconfig; name = "Pods-LJAvatarBrowserDemoTests.debug.xcconfig"; path = "Pods/Target Support Files/Pods-LJAvatarBrowserDemoTests/Pods-LJAvatarBrowserDemoTests.debug.xcconfig"; sourceTree = "<group>"; };
		F31FF41882844C4622A122D9 /* libPods-LJAvatarBrowserDemoTests.a */ = {isa = PBXFileReference; explicitFileType = archive.ar; includeInIndex = 0; path = "libPods-LJAvatarBrowserDemoTests.a"; sourceTree = BUILT_PRODUCTS_DIR; };
/* End PBXFileReference section */

/* Begin PBXFrameworksBuildPhase section */
		2E30816E1EE54AA900E08E7A /* Frameworks */ = {
			isa = PBXFrameworksBuildPhase;
			buildActionMask = 2147483647;
			files = (
				1EA9C2DC89542ADB4F00330F /* libPods-LJAvatarBrowserDemo.a in Frameworks */,
			);
			runOnlyForDeploymentPostprocessing = 0;
		};
		2E3081871EE54AA900E08E7A /* Frameworks */ = {
			isa = PBXFrameworksBuildPhase;
			buildActionMask = 2147483647;
			files = (
				1D1947BF523598170B38E1F5 /* libPods-LJAvatarBrowserDemoTests.a in Frameworks */,
			);
			runOnlyForDeploymentPostprocessing = 0;
		};
		2E3081921EE54AA900E08E7A /* Frameworks */ = {
			isa = PBXFrameworksBuildPhase;
			buildActionMask = 2147483647;
			files = (
				1311C491F9E25485B56FC775 /* libPods-LJAvatarBrowserDemoUITests.a in Frameworks */,
			);
			runOnlyForDeploymentPostprocessing = 0;
		};
/* End PBXFrameworksBuildPhase section */

/* Begin PBXGroup section */
		2E3081681EE54AA900E08E7A = {
			isa = PBXGroup;
			children = (
				2EA2462820036808003BB176 /* LJAvatarBrowser */,
				2E3081731EE54AA900E08E7A /* LJAvatarBrowserDemo */,
				2E30818D1EE54AA900E08E7A /* LJAvatarBrowserDemoTests */,
				2E3081981EE54AA900E08E7A /* LJAvatarBrowserDemoUITests */,
				2E3081721EE54AA900E08E7A /* Products */,
				D55AA346D3AED610DBDA54AD /* Pods */,
				3248CAB290EF3D89DB842A59 /* Frameworks */,
			);
			sourceTree = "<group>";
		};
		2E3081721EE54AA900E08E7A /* Products */ = {
			isa = PBXGroup;
			children = (
				2E3081711EE54AA900E08E7A /* LJAvatarBrowserDemo.app */,
				2E30818A1EE54AA900E08E7A /* LJAvatarBrowserDemoTests.xctest */,
				2E3081951EE54AA900E08E7A /* LJAvatarBrowserDemoUITests.xctest */,
			);
			name = Products;
			sourceTree = "<group>";
		};
		2E3081731EE54AA900E08E7A /* LJAvatarBrowserDemo */ = {
			isa = PBXGroup;
			children = (
				2E3081771EE54AA900E08E7A /* AppDelegate.h */,
				2E3081781EE54AA900E08E7A /* AppDelegate.m */,
				2E30817A1EE54AA900E08E7A /* ViewController.h */,
				2E30817B1EE54AA900E08E7A /* ViewController.m */,
				2E7769422005F1FB00DB7FDF /* image.gif */,
				2E7769412005F1FB00DB7FDF /* timg.jpg */,
				2E30817D1EE54AA900E08E7A /* Main.storyboard */,
				2E3081801EE54AA900E08E7A /* Assets.xcassets */,
				2E3081821EE54AA900E08E7A /* LaunchScreen.storyboard */,
				2E3081851EE54AA900E08E7A /* Info.plist */,
				2E3081741EE54AA900E08E7A /* Supporting Files */,
			);
			path = LJAvatarBrowserDemo;
			sourceTree = "<group>";
		};
		2E3081741EE54AA900E08E7A /* Supporting Files */ = {
			isa = PBXGroup;
			children = (
				2E3081751EE54AA900E08E7A /* main.m */,
				2E05EA851EF8CCBC009B3931 /* PrefixHeader.pch */,
			);
			name = "Supporting Files";
			sourceTree = "<group>";
		};
		2E30818D1EE54AA900E08E7A /* LJAvatarBrowserDemoTests */ = {
			isa = PBXGroup;
			children = (
				2E30818E1EE54AA900E08E7A /* LJAvatarBrowserDemoTests.m */,
				2E3081901EE54AA900E08E7A /* Info.plist */,
			);
			path = LJAvatarBrowserDemoTests;
			sourceTree = "<group>";
		};
		2E3081981EE54AA900E08E7A /* LJAvatarBrowserDemoUITests */ = {
			isa = PBXGroup;
			children = (
				2E3081991EE54AA900E08E7A /* LJAvatarBrowserDemoUITests.m */,
				2E30819B1EE54AA900E08E7A /* Info.plist */,
			);
			path = LJAvatarBrowserDemoUITests;
			sourceTree = "<group>";
		};
		2EA2462820036808003BB176 /* LJAvatarBrowser */ = {
			isa = PBXGroup;
			children = (
				2EA2462920036808003BB176 /* LJAvatarBrowser.h */,
				2EA2462A20036808003BB176 /* LJAvatarBrowser.m */,
			);
			path = LJAvatarBrowser;
			sourceTree = "<group>";
		};
		3248CAB290EF3D89DB842A59 /* Frameworks */ = {
			isa = PBXGroup;
			children = (
				5FEC0E45D99CAEFD2480C030 /* libPods-LJAvatarBrowserDemo.a */,
				F31FF41882844C4622A122D9 /* libPods-LJAvatarBrowserDemoTests.a */,
				4F4CD98343CE6BC447D45695 /* libPods-LJAvatarBrowserDemoUITests.a */,
			);
			name = Frameworks;
			sourceTree = "<group>";
		};
		D55AA346D3AED610DBDA54AD /* Pods */ = {
			isa = PBXGroup;
			children = (
				667AA050C82F40E9DFE3DB03 /* Pods-LJAvatarBrowserDemo.debug.xcconfig */,
				5821ECF14E6704D123A514A9 /* Pods-LJAvatarBrowserDemo.release.xcconfig */,
				9076AB23C686B6552413580B /* Pods-LJAvatarBrowserDemoTests.debug.xcconfig */,
				5D4D6324CE18C0FCA0B7A352 /* Pods-LJAvatarBrowserDemoTests.release.xcconfig */,
				1D629E4F0D27EB9FA4D39BB3 /* Pods-LJAvatarBrowserDemoUITests.debug.xcconfig */,
				873CFC18E61123E6B6179E19 /* Pods-LJAvatarBrowserDemoUITests.release.xcconfig */,
			);
			name = Pods;
			sourceTree = "<group>";
		};
/* End PBXGroup section */

/* Begin PBXNativeTarget section */
		2E3081701EE54AA900E08E7A /* LJAvatarBrowserDemo */ = {
			isa = PBXNativeTarget;
			buildConfigurationList = 2E30819E1EE54AA900E08E7A /* Build configuration list for PBXNativeTarget "LJAvatarBrowserDemo" */;
			buildPhases = (
				7275152877285590221DB299 /* [CP] Check Pods Manifest.lock */,
				2E30816D1EE54AA900E08E7A /* Sources */,
				2E30816E1EE54AA900E08E7A /* Frameworks */,
				2E30816F1EE54AA900E08E7A /* Resources */,
				3581B440CA51441DFFB02E31 /* [CP] Embed Pods Frameworks */,
				D2A3BCEA1886273012E7DE23 /* [CP] Copy Pods Resources */,
			);
			buildRules = (
			);
			dependencies = (
			);
			name = LJAvatarBrowserDemo;
			productName = LJAvatarBrowserDemo;
			productReference = 2E3081711EE54AA900E08E7A /* LJAvatarBrowserDemo.app */;
			productType = "com.apple.product-type.application";
		};
		2E3081891EE54AA900E08E7A /* LJAvatarBrowserDemoTests */ = {
			isa = PBXNativeTarget;
			buildConfigurationList = 2E3081A11EE54AA900E08E7A /* Build configuration list for PBXNativeTarget "LJAvatarBrowserDemoTests" */;
			buildPhases = (
				A97BB8F83A39B22820C3CEC7 /* [CP] Check Pods Manifest.lock */,
				2E3081861EE54AA900E08E7A /* Sources */,
				2E3081871EE54AA900E08E7A /* Frameworks */,
				2E3081881EE54AA900E08E7A /* Resources */,
				473139F8D2153E181FFCF6BB /* [CP] Embed Pods Frameworks */,
				AEE758D4C9DE6CE1FC8DCD3D /* [CP] Copy Pods Resources */,
			);
			buildRules = (
			);
			dependencies = (
				2E30818C1EE54AA900E08E7A /* PBXTargetDependency */,
			);
			name = LJAvatarBrowserDemoTests;
			productName = LJAvatarBrowserDemoTests;
			productReference = 2E30818A1EE54AA900E08E7A /* LJAvatarBrowserDemoTests.xctest */;
			productType = "com.apple.product-type.bundle.unit-test";
		};
		2E3081941EE54AA900E08E7A /* LJAvatarBrowserDemoUITests */ = {
			isa = PBXNativeTarget;
			buildConfigurationList = 2E3081A41EE54AA900E08E7A /* Build configuration list for PBXNativeTarget "LJAvatarBrowserDemoUITests" */;
			buildPhases = (
				8EEA20847481FA4A4B2F2279 /* [CP] Check Pods Manifest.lock */,
				2E3081911EE54AA900E08E7A /* Sources */,
				2E3081921EE54AA900E08E7A /* Frameworks */,
				2E3081931EE54AA900E08E7A /* Resources */,
				FC8D1647CEE2E0FCBDCAB9F4 /* [CP] Embed Pods Frameworks */,
				8056E69750C9A0C6C1E2297A /* [CP] Copy Pods Resources */,
			);
			buildRules = (
			);
			dependencies = (
				2E3081971EE54AA900E08E7A /* PBXTargetDependency */,
			);
			name = LJAvatarBrowserDemoUITests;
			productName = LJAvatarBrowserDemoUITests;
			productReference = 2E3081951EE54AA900E08E7A /* LJAvatarBrowserDemoUITests.xctest */;
			productType = "com.apple.product-type.bundle.ui-testing";
		};
/* End PBXNativeTarget section */

/* Begin PBXProject section */
		2E3081691EE54AA900E08E7A /* Project object */ = {
			isa = PBXProject;
			attributes = {
				LastUpgradeCheck = 0810;
				ORGANIZATIONNAME = "领琾";
				TargetAttributes = {
					2E3081701EE54AA900E08E7A = {
						CreatedOnToolsVersion = 8.1;
						DevelopmentTeam = W8L4MJA5P6;
						ProvisioningStyle = Automatic;
					};
					2E3081891EE54AA900E08E7A = {
						CreatedOnToolsVersion = 8.1;
						ProvisioningStyle = Automatic;
						TestTargetID = 2E3081701EE54AA900E08E7A;
					};
					2E3081941EE54AA900E08E7A = {
						CreatedOnToolsVersion = 8.1;
						ProvisioningStyle = Automatic;
						TestTargetID = 2E3081701EE54AA900E08E7A;
					};
				};
			};
			buildConfigurationList = 2E30816C1EE54AA900E08E7A /* Build configuration list for PBXProject "LJAvatarBrowserDemo" */;
			compatibilityVersion = "Xcode 3.2";
			developmentRegion = English;
			hasScannedForEncodings = 0;
			knownRegions = (
				en,
				Base,
			);
			mainGroup = 2E3081681EE54AA900E08E7A;
			productRefGroup = 2E3081721EE54AA900E08E7A /* Products */;
			projectDirPath = "";
			projectRoot = "";
			targets = (
				2E3081701EE54AA900E08E7A /* LJAvatarBrowserDemo */,
				2E3081891EE54AA900E08E7A /* LJAvatarBrowserDemoTests */,
				2E3081941EE54AA900E08E7A /* LJAvatarBrowserDemoUITests */,
			);
		};
/* End PBXProject section */

/* Begin PBXResourcesBuildPhase section */
		2E30816F1EE54AA900E08E7A /* Resources */ = {
			isa = PBXResourcesBuildPhase;
			buildActionMask = 2147483647;
			files = (
				2E7769432005F1FB00DB7FDF /* timg.jpg in Resources */,
				2E3081841EE54AA900E08E7A /* LaunchScreen.storyboard in Resources */,
				2E3081811EE54AA900E08E7A /* Assets.xcassets in Resources */,
				2E7769442005F1FB00DB7FDF /* image.gif in Resources */,
				2E30817F1EE54AA900E08E7A /* Main.storyboard in Resources */,
			);
			runOnlyForDeploymentPostprocessing = 0;
		};
		2E3081881EE54AA900E08E7A /* Resources */ = {
			isa = PBXResourcesBuildPhase;
			buildActionMask = 2147483647;
			files = (
			);
			runOnlyForDeploymentPostprocessing = 0;
		};
		2E3081931EE54AA900E08E7A /* Resources */ = {
			isa = PBXResourcesBuildPhase;
			buildActionMask = 2147483647;
			files = (
			);
			runOnlyForDeploymentPostprocessing = 0;
		};
/* End PBXResourcesBuildPhase section */

/* Begin PBXShellScriptBuildPhase section */
		3581B440CA51441DFFB02E31 /* [CP] Embed Pods Frameworks */ = {
			isa = PBXShellScriptBuildPhase;
			buildActionMask = 2147483647;
			files = (
			);
			inputPaths = (
			);
			name = "[CP] Embed Pods Frameworks";
			outputPaths = (
			);
			runOnlyForDeploymentPostprocessing = 0;
			shellPath = /bin/sh;
			shellScript = "\"${SRCROOT}/Pods/Target Support Files/Pods-LJAvatarBrowserDemo/Pods-LJAvatarBrowserDemo-frameworks.sh\"\n";
			showEnvVarsInLog = 0;
		};
		473139F8D2153E181FFCF6BB /* [CP] Embed Pods Frameworks */ = {
			isa = PBXShellScriptBuildPhase;
			buildActionMask = 2147483647;
			files = (
			);
			inputPaths = (
			);
			name = "[CP] Embed Pods Frameworks";
			outputPaths = (
			);
			runOnlyForDeploymentPostprocessing = 0;
			shellPath = /bin/sh;
			shellScript = "\"${SRCROOT}/Pods/Target Support Files/Pods-LJAvatarBrowserDemoTests/Pods-LJAvatarBrowserDemoTests-frameworks.sh\"\n";
			showEnvVarsInLog = 0;
		};
		7275152877285590221DB299 /* [CP] Check Pods Manifest.lock */ = {
			isa = PBXShellScriptBuildPhase;
			buildActionMask = 2147483647;
			files = (
			);
			inputPaths = (
				"${PODS_PODFILE_DIR_PATH}/Podfile.lock",
				"${PODS_ROOT}/Manifest.lock",
			);
			name = "[CP] Check Pods Manifest.lock";
			outputPaths = (
				"$(DERIVED_FILE_DIR)/Pods-LJAvatarBrowserDemo-checkManifestLockResult.txt",
			);
			runOnlyForDeploymentPostprocessing = 0;
			shellPath = /bin/sh;
			shellScript = "diff \"${PODS_PODFILE_DIR_PATH}/Podfile.lock\" \"${PODS_ROOT}/Manifest.lock\" > /dev/null\nif [ $? != 0 ] ; then\n    # print error to STDERR\n    echo \"error: The sandbox is not in sync with the Podfile.lock. Run 'pod install' or update your CocoaPods installation.\" >&2\n    exit 1\nfi\n# This output is used by Xcode 'outputs' to avoid re-running this script phase.\necho \"SUCCESS\" > \"${SCRIPT_OUTPUT_FILE_0}\"\n";
			showEnvVarsInLog = 0;
		};
		8056E69750C9A0C6C1E2297A /* [CP] Copy Pods Resources */ = {
			isa = PBXShellScriptBuildPhase;
			buildActionMask = 2147483647;
			files = (
			);
			inputPaths = (
			);
			name = "[CP] Copy Pods Resources";
			outputPaths = (
			);
			runOnlyForDeploymentPostprocessing = 0;
			shellPath = /bin/sh;
			shellScript = "\"${SRCROOT}/Pods/Target Support Files/Pods-LJAvatarBrowserDemoUITests/Pods-LJAvatarBrowserDemoUITests-resources.sh\"\n";
			showEnvVarsInLog = 0;
		};
		8EEA20847481FA4A4B2F2279 /* [CP] Check Pods Manifest.lock */ = {
			isa = PBXShellScriptBuildPhase;
			buildActionMask = 2147483647;
			files = (
			);
			inputPaths = (
				"${PODS_PODFILE_DIR_PATH}/Podfile.lock",
				"${PODS_ROOT}/Manifest.lock",
			);
			name = "[CP] Check Pods Manifest.lock";
			outputPaths = (
				"$(DERIVED_FILE_DIR)/Pods-LJAvatarBrowserDemoUITests-checkManifestLockResult.txt",
			);
			runOnlyForDeploymentPostprocessing = 0;
			shellPath = /bin/sh;
			shellScript = "diff \"${PODS_PODFILE_DIR_PATH}/Podfile.lock\" \"${PODS_ROOT}/Manifest.lock\" > /dev/null\nif [ $? != 0 ] ; then\n    # print error to STDERR\n    echo \"error: The sandbox is not in sync with the Podfile.lock. Run 'pod install' or update your CocoaPods installation.\" >&2\n    exit 1\nfi\n# This output is used by Xcode 'outputs' to avoid re-running this script phase.\necho \"SUCCESS\" > \"${SCRIPT_OUTPUT_FILE_0}\"\n";
			showEnvVarsInLog = 0;
		};
		A97BB8F83A39B22820C3CEC7 /* [CP] Check Pods Manifest.lock */ = {
			isa = PBXShellScriptBuildPhase;
			buildActionMask = 2147483647;
			files = (
			);
			inputPaths = (
				"${PODS_PODFILE_DIR_PATH}/Podfile.lock",
				"${PODS_ROOT}/Manifest.lock",
			);
			name = "[CP] Check Pods Manifest.lock";
			outputPaths = (
				"$(DERIVED_FILE_DIR)/Pods-LJAvatarBrowserDemoTests-checkManifestLockResult.txt",
			);
			runOnlyForDeploymentPostprocessing = 0;
			shellPath = /bin/sh;
			shellScript = "diff \"${PODS_PODFILE_DIR_PATH}/Podfile.lock\" \"${PODS_ROOT}/Manifest.lock\" > /dev/null\nif [ $? != 0 ] ; then\n    # print error to STDERR\n    echo \"error: The sandbox is not in sync with the Podfile.lock. Run 'pod install' or update your CocoaPods installation.\" >&2\n    exit 1\nfi\n# This output is used by Xcode 'outputs' to avoid re-running this script phase.\necho \"SUCCESS\" > \"${SCRIPT_OUTPUT_FILE_0}\"\n";
			showEnvVarsInLog = 0;
		};
		AEE758D4C9DE6CE1FC8DCD3D /* [CP] Copy Pods Resources */ = {
			isa = PBXShellScriptBuildPhase;
			buildActionMask = 2147483647;
			files = (
			);
			inputPaths = (
			);
			name = "[CP] Copy Pods Resources";
			outputPaths = (
			);
			runOnlyForDeploymentPostprocessing = 0;
			shellPath = /bin/sh;
			shellScript = "\"${SRCROOT}/Pods/Target Support Files/Pods-LJAvatarBrowserDemoTests/Pods-LJAvatarBrowserDemoTests-resources.sh\"\n";
			showEnvVarsInLog = 0;
		};
		D2A3BCEA1886273012E7DE23 /* [CP] Copy Pods Resources */ = {
			isa = PBXShellScriptBuildPhase;
			buildActionMask = 2147483647;
			files = (
			);
			inputPaths = (
			);
			name = "[CP] Copy Pods Resources";
			outputPaths = (
			);
			runOnlyForDeploymentPostprocessing = 0;
			shellPath = /bin/sh;
			shellScript = "\"${SRCROOT}/Pods/Target Support Files/Pods-LJAvatarBrowserDemo/Pods-LJAvatarBrowserDemo-resources.sh\"\n";
			showEnvVarsInLog = 0;
		};
		FC8D1647CEE2E0FCBDCAB9F4 /* [CP] Embed Pods Frameworks */ = {
			isa = PBXShellScriptBuildPhase;
			buildActionMask = 2147483647;
			files = (
			);
			inputPaths = (
			);
			name = "[CP] Embed Pods Frameworks";
			outputPaths = (
			);
			runOnlyForDeploymentPostprocessing = 0;
			shellPath = /bin/sh;
			shellScript = "\"${SRCROOT}/Pods/Target Support Files/Pods-LJAvatarBrowserDemoUITests/Pods-LJAvatarBrowserDemoUITests-frameworks.sh\"\n";
			showEnvVarsInLog = 0;
		};
/* End PBXShellScriptBuildPhase section */

/* Begin PBXSourcesBuildPhase section */
		2E30816D1EE54AA900E08E7A /* Sources */ = {
			isa = PBXSourcesBuildPhase;
			buildActionMask = 2147483647;
			files = (
				2E30817C1EE54AA900E08E7A /* ViewController.m in Sources */,
				2EA2462B20036809003BB176 /* LJAvatarBrowser.m in Sources */,
				2E3081791EE54AA900E08E7A /* AppDelegate.m in Sources */,
				2E3081761EE54AA900E08E7A /* main.m in Sources */,
			);
			runOnlyForDeploymentPostprocessing = 0;
		};
		2E3081861EE54AA900E08E7A /* Sources */ = {
			isa = PBXSourcesBuildPhase;
			buildActionMask = 2147483647;
			files = (
				2E30818F1EE54AA900E08E7A /* LJAvatarBrowserDemoTests.m in Sources */,
			);
			runOnlyForDeploymentPostprocessing = 0;
		};
		2E3081911EE54AA900E08E7A /* Sources */ = {
			isa = PBXSourcesBuildPhase;
			buildActionMask = 2147483647;
			files = (
				2E30819A1EE54AA900E08E7A /* LJAvatarBrowserDemoUITests.m in Sources */,
			);
			runOnlyForDeploymentPostprocessing = 0;
		};
/* End PBXSourcesBuildPhase section */

/* Begin PBXTargetDependency section */
		2E30818C1EE54AA900E08E7A /* PBXTargetDependency */ = {
			isa = PBXTargetDependency;
			target = 2E3081701EE54AA900E08E7A /* LJAvatarBrowserDemo */;
			targetProxy = 2E30818B1EE54AA900E08E7A /* PBXContainerItemProxy */;
		};
		2E3081971EE54AA900E08E7A /* PBXTargetDependency */ = {
			isa = PBXTargetDependency;
			target = 2E3081701EE54AA900E08E7A /* LJAvatarBrowserDemo */;
			targetProxy = 2E3081961EE54AA900E08E7A /* PBXContainerItemProxy */;
		};
/* End PBXTargetDependency section */

/* Begin PBXVariantGroup section */
		2E30817D1EE54AA900E08E7A /* Main.storyboard */ = {
			isa = PBXVariantGroup;
			children = (
				2E30817E1EE54AA900E08E7A /* Base */,
			);
			name = Main.storyboard;
			sourceTree = "<group>";
		};
		2E3081821EE54AA900E08E7A /* LaunchScreen.storyboard */ = {
			isa = PBXVariantGroup;
			children = (
				2E3081831EE54AA900E08E7A /* Base */,
			);
			name = LaunchScreen.storyboard;
			sourceTree = "<group>";
		};
/* End PBXVariantGroup section */

/* Begin XCBuildConfiguration section */
		2E30819C1EE54AA900E08E7A /* Debug */ = {
			isa = XCBuildConfiguration;
			buildSettings = {
				ALWAYS_SEARCH_USER_PATHS = NO;
				CLANG_ANALYZER_NONNULL = YES;
				CLANG_CXX_LANGUAGE_STANDARD = "gnu++0x";
				CLANG_CXX_LIBRARY = "libc++";
				CLANG_ENABLE_MODULES = YES;
				CLANG_ENABLE_OBJC_ARC = YES;
				CLANG_WARN_BOOL_CONVERSION = YES;
				CLANG_WARN_CONSTANT_CONVERSION = YES;
				CLANG_WARN_DIRECT_OBJC_ISA_USAGE = YES_ERROR;
				CLANG_WARN_DOCUMENTATION_COMMENTS = YES;
				CLANG_WARN_EMPTY_BODY = YES;
				CLANG_WARN_ENUM_CONVERSION = YES;
				CLANG_WARN_INFINITE_RECURSION = YES;
				CLANG_WARN_INT_CONVERSION = YES;
				CLANG_WARN_OBJC_ROOT_CLASS = YES_ERROR;
				CLANG_WARN_SUSPICIOUS_MOVES = YES;
				CLANG_WARN_UNREACHABLE_CODE = YES;
				CLANG_WARN__DUPLICATE_METHOD_MATCH = YES;
				"CODE_SIGN_IDENTITY[sdk=iphoneos*]" = "iPhone Developer";
				COPY_PHASE_STRIP = NO;
				DEBUG_INFORMATION_FORMAT = dwarf;
				ENABLE_STRICT_OBJC_MSGSEND = YES;
				ENABLE_TESTABILITY = YES;
				GCC_C_LANGUAGE_STANDARD = gnu99;
				GCC_DYNAMIC_NO_PIC = NO;
				GCC_NO_COMMON_BLOCKS = YES;
				GCC_OPTIMIZATION_LEVEL = 0;
				GCC_PREPROCESSOR_DEFINITIONS = (
					"DEBUG=1",
					"$(inherited)",
				);
				GCC_WARN_64_TO_32_BIT_CONVERSION = YES;
				GCC_WARN_ABOUT_RETURN_TYPE = YES_ERROR;
				GCC_WARN_UNDECLARED_SELECTOR = YES;
				GCC_WARN_UNINITIALIZED_AUTOS = YES_AGGRESSIVE;
				GCC_WARN_UNUSED_FUNCTION = YES;
				GCC_WARN_UNUSED_VARIABLE = YES;
				IPHONEOS_DEPLOYMENT_TARGET = 10.1;
				MTL_ENABLE_DEBUG_INFO = YES;
				ONLY_ACTIVE_ARCH = YES;
				SDKROOT = iphoneos;
			};
			name = Debug;
		};
		2E30819D1EE54AA900E08E7A /* Release */ = {
			isa = XCBuildConfiguration;
			buildSettings = {
				ALWAYS_SEARCH_USER_PATHS = NO;
				CLANG_ANALYZER_NONNULL = YES;
				CLANG_CXX_LANGUAGE_STANDARD = "gnu++0x";
				CLANG_CXX_LIBRARY = "libc++";
				CLANG_ENABLE_MODULES = YES;
				CLANG_ENABLE_OBJC_ARC = YES;
				CLANG_WARN_BOOL_CONVERSION = YES;
				CLANG_WARN_CONSTANT_CONVERSION = YES;
				CLANG_WARN_DIRECT_OBJC_ISA_USAGE = YES_ERROR;
				CLANG_WARN_DOCUMENTATION_COMMENTS = YES;
				CLANG_WARN_EMPTY_BODY = YES;
				CLANG_WARN_ENUM_CONVERSION = YES;
				CLANG_WARN_INFINITE_RECURSION = YES;
				CLANG_WARN_INT_CONVERSION = YES;
				CLANG_WARN_OBJC_ROOT_CLASS = YES_ERROR;
				CLANG_WARN_SUSPICIOUS_MOVES = YES;
				CLANG_WARN_UNREACHABLE_CODE = YES;
				CLANG_WARN__DUPLICATE_METHOD_MATCH = YES;
				"CODE_SIGN_IDENTITY[sdk=iphoneos*]" = "iPhone Developer";
				COPY_PHASE_STRIP = NO;
				DEBUG_INFORMATION_FORMAT = "dwarf-with-dsym";
				ENABLE_NS_ASSERTIONS = NO;
				ENABLE_STRICT_OBJC_MSGSEND = YES;
				GCC_C_LANGUAGE_STANDARD = gnu99;
				GCC_NO_COMMON_BLOCKS = YES;
				GCC_WARN_64_TO_32_BIT_CONVERSION = YES;
				GCC_WARN_ABOUT_RETURN_TYPE = YES_ERROR;
				GCC_WARN_UNDECLARED_SELECTOR = YES;
				GCC_WARN_UNINITIALIZED_AUTOS = YES_AGGRESSIVE;
				GCC_WARN_UNUSED_FUNCTION = YES;
				GCC_WARN_UNUSED_VARIABLE = YES;
				IPHONEOS_DEPLOYMENT_TARGET = 10.1;
				MTL_ENABLE_DEBUG_INFO = NO;
				SDKROOT = iphoneos;
				VALIDATE_PRODUCT = YES;
			};
			name = Release;
		};
		2E30819F1EE54AA900E08E7A /* Debug */ = {
			isa = XCBuildConfiguration;
			baseConfigurationReference = 667AA050C82F40E9DFE3DB03 /* Pods-LJAvatarBrowserDemo.debug.xcconfig */;
			buildSettings = {
				ASSETCATALOG_COMPILER_APPICON_NAME = AppIcon;
				DEVELOPMENT_TEAM = W8L4MJA5P6;
				GCC_PREFIX_HEADER = $SRCROOT/LJAvatarBrowserDemo/PrefixHeader.pch;
				INFOPLIST_FILE = LJAvatarBrowserDemo/Info.plist;
				IPHONEOS_DEPLOYMENT_TARGET = 7.0;
				LD_RUNPATH_SEARCH_PATHS = "$(inherited) @executable_path/Frameworks";
				PRODUCT_BUNDLE_IDENTIFIER = com.txooo.testapp;
				PRODUCT_NAME = "$(TARGET_NAME)";
			};
			name = Debug;
		};
		2E3081A01EE54AA900E08E7A /* Release */ = {
			isa = XCBuildConfiguration;
			baseConfigurationReference = 5821ECF14E6704D123A514A9 /* Pods-LJAvatarBrowserDemo.release.xcconfig */;
			buildSettings = {
				ASSETCATALOG_COMPILER_APPICON_NAME = AppIcon;
				DEVELOPMENT_TEAM = W8L4MJA5P6;
				GCC_PREFIX_HEADER = $SRCROOT/LJAvatarBrowserDemo/PrefixHeader.pch;
				INFOPLIST_FILE = LJAvatarBrowserDemo/Info.plist;
				IPHONEOS_DEPLOYMENT_TARGET = 7.0;
				LD_RUNPATH_SEARCH_PATHS = "$(inherited) @executable_path/Frameworks";
				PRODUCT_BUNDLE_IDENTIFIER = com.txooo.testapp;
				PRODUCT_NAME = "$(TARGET_NAME)";
			};
			name = Release;
		};
		2E3081A21EE54AA900E08E7A /* Debug */ = {
			isa = XCBuildConfiguration;
			baseConfigurationReference = 9076AB23C686B6552413580B /* Pods-LJAvatarBrowserDemoTests.debug.xcconfig */;
			buildSettings = {
				BUNDLE_LOADER = "$(TEST_HOST)";
				INFOPLIST_FILE = LJAvatarBrowserDemoTests/Info.plist;
				LD_RUNPATH_SEARCH_PATHS = "$(inherited) @executable_path/Frameworks @loader_path/Frameworks";
				PRODUCT_BUNDLE_IDENTIFIER = LJ.LJAvatarBrowserDemoTests;
				PRODUCT_NAME = "$(TARGET_NAME)";
				TEST_HOST = "$(BUILT_PRODUCTS_DIR)/LJAvatarBrowserDemo.app/LJAvatarBrowserDemo";
			};
			name = Debug;
		};
		2E3081A31EE54AA900E08E7A /* Release */ = {
			isa = XCBuildConfiguration;
			baseConfigurationReference = 5D4D6324CE18C0FCA0B7A352 /* Pods-LJAvatarBrowserDemoTests.release.xcconfig */;
			buildSettings = {
				BUNDLE_LOADER = "$(TEST_HOST)";
				INFOPLIST_FILE = LJAvatarBrowserDemoTests/Info.plist;
				LD_RUNPATH_SEARCH_PATHS = "$(inherited) @executable_path/Frameworks @loader_path/Frameworks";
				PRODUCT_BUNDLE_IDENTIFIER = LJ.LJAvatarBrowserDemoTests;
				PRODUCT_NAME = "$(TARGET_NAME)";
				TEST_HOST = "$(BUILT_PRODUCTS_DIR)/LJAvatarBrowserDemo.app/LJAvatarBrowserDemo";
			};
			name = Release;
		};
		2E3081A51EE54AA900E08E7A /* Debug */ = {
			isa = XCBuildConfiguration;
			baseConfigurationReference = 1D629E4F0D27EB9FA4D39BB3 /* Pods-LJAvatarBrowserDemoUITests.debug.xcconfig */;
			buildSettings = {
				INFOPLIST_FILE = LJAvatarBrowserDemoUITests/Info.plist;
				LD_RUNPATH_SEARCH_PATHS = "$(inherited) @executable_path/Frameworks @loader_path/Frameworks";
				PRODUCT_BUNDLE_IDENTIFIER = LJ.LJAvatarBrowserDemoUITests;
				PRODUCT_NAME = "$(TARGET_NAME)";
				TEST_TARGET_NAME = LJAvatarBrowserDemo;
			};
			name = Debug;
		};
		2E3081A61EE54AA900E08E7A /* Release */ = {
			isa = XCBuildConfiguration;
			baseConfigurationReference = 873CFC18E61123E6B6179E19 /* Pods-LJAvatarBrowserDemoUITests.release.xcconfig */;
			buildSettings = {
				INFOPLIST_FILE = LJAvatarBrowserDemoUITests/Info.plist;
				LD_RUNPATH_SEARCH_PATHS = "$(inherited) @executable_path/Frameworks @loader_path/Frameworks";
				PRODUCT_BUNDLE_IDENTIFIER = LJ.LJAvatarBrowserDemoUITests;
				PRODUCT_NAME = "$(TARGET_NAME)";
				TEST_TARGET_NAME = LJAvatarBrowserDemo;
			};
			name = Release;
		};
/* End XCBuildConfiguration section */

/* Begin XCConfigurationList section */
		2E30816C1EE54AA900E08E7A /* Build configuration list for PBXProject "LJAvatarBrowserDemo" */ = {
			isa = XCConfigurationList;
			buildConfigurations = (
				2E30819C1EE54AA900E08E7A /* Debug */,
				2E30819D1EE54AA900E08E7A /* Release */,
			);
			defaultConfigurationIsVisible = 0;
			defaultConfigurationName = Release;
		};
		2E30819E1EE54AA900E08E7A /* Build configuration list for PBXNativeTarget "LJAvatarBrowserDemo" */ = {
			isa = XCConfigurationList;
			buildConfigurations = (
				2E30819F1EE54AA900E08E7A /* Debug */,
				2E3081A01EE54AA900E08E7A /* Release */,
			);
			defaultConfigurationIsVisible = 0;
			defaultConfigurationName = Release;
		};
		2E3081A11EE54AA900E08E7A /* Build configuration list for PBXNativeTarget "LJAvatarBrowserDemoTests" */ = {
			isa = XCConfigurationList;
			buildConfigurations = (
				2E3081A21EE54AA900E08E7A /* Debug */,
				2E3081A31EE54AA900E08E7A /* Release */,
			);
			defaultConfigurationIsVisible = 0;
			defaultConfigurationName = Release;
		};
		2E3081A41EE54AA900E08E7A /* Build configuration list for PBXNativeTarget "LJAvatarBrowserDemoUITests" */ = {
			isa = XCConfigurationList;
			buildConfigurations = (
				2E3081A51EE54AA900E08E7A /* Debug */,
				2E3081A61EE54AA900E08E7A /* Release */,
			);
			defaultConfigurationIsVisible = 0;
			defaultConfigurationName = Release;
		};
/* End XCConfigurationList section */
	};
	rootObject = 2E3081691EE54AA900E08E7A /* Project object */;
}
